
Microsoft Visual Studio Solution File, Format Version 12.00
# Visual Studio Version 17
VisualStudioVersion = 17.11.35327.3
MinimumVisualStudioVersion = 10.0.40219.1
Project("{FAE04EC0-301F-11D3-BF4B-00C04F79EFBC}") = "Dagnostico4", "Dagnostico4\Dagnostico4.csproj", "{BD45851D-5903-4503-9946-F965661B68E3}"
EndProject
Global
	GlobalSection(SolutionConfigurationPlatforms) = preSolution
		Debug|Any CPU = Debug|Any CPU
		Release|Any CPU = Release|Any CPU
	EndGlobalSection
	GlobalSection(ProjectConfigurationPlatforms) = postSolution
		{BD45851D-5903-4503-9946-F965661B68E3}.Debug|Any CPU.ActiveCfg = Debug|Any CPU
		{BD45851D-5903-4503-9946-F965661B68E3}.Debug|Any CPU.Build.0 = Debug|Any CPU
		{BD45851D-5903-4503-9946-F965661B68E3}.Release|Any CPU.ActiveCfg = Release|Any CPU
		{BD45851D-5903-4503-9946-F965661B68E3}.Release|Any CPU.Build.0 = Release|Any CPU
	EndGlobalSection
	GlobalSection(SolutionProperties) = preSolution
		HideSolutionNode = FALSE
	EndGlobalSection
	GlobalSection(ExtensibilityGlobals) = postSolution
		SolutionGuid = {75DCB66A-2F82-4947-BCD5-CD3DC1FFF70A}
	EndGlobalSection
EndGlobal
