
Microsoft Visual Studio Solution File, Format Version 12.00
# Visual Studio Version 17
VisualStudioVersion = 17.11.35327.3
MinimumVisualStudioVersion = 10.0.40219.1
Project("{FAE04EC0-301F-11D3-BF4B-00C04F79EFBC}") = "Diagnostico1", "Diagnostico1\Diagnostico1.csproj", "{F12A1D51-C9EA-4094-8511-030A30B7151F}"
EndProject
Global
	GlobalSection(SolutionConfigurationPlatforms) = preSolution
		Debug|Any CPU = Debug|Any CPU
		Release|Any CPU = Release|Any CPU
	EndGlobalSection
	GlobalSection(ProjectConfigurationPlatforms) = postSolution
		{F12A1D51-C9EA-4094-8511-030A30B7151F}.Debug|Any CPU.ActiveCfg = Debug|Any CPU
		{F12A1D51-C9EA-4094-8511-030A30B7151F}.Debug|Any CPU.Build.0 = Debug|Any CPU
		{F12A1D51-C9EA-4094-8511-030A30B7151F}.Release|Any CPU.ActiveCfg = Release|Any CPU
		{F12A1D51-C9EA-4094-8511-030A30B7151F}.Release|Any CPU.Build.0 = Release|Any CPU
	EndGlobalSection
	GlobalSection(SolutionProperties) = preSolution
		HideSolutionNode = FALSE
	EndGlobalSection
	GlobalSection(ExtensibilityGlobals) = postSolution
		SolutionGuid = {26B1C669-A96A-4566-BE1B-3E376DE17BDE}
	EndGlobalSection
EndGlobal
